# This file is autogenerated, do not edit; changes may be undone by the next 'dep ensure'.


[[projects]]
  digest = "1:d9c12f4c7d89796c034ebbf88c660ef0081acb84867aa92b9ff8ad9efe864f80"
  name = "github.com/aws/aws-sdk-go-v2"
  packages = [
    "aws",
    "aws/awserr",
    "aws/defaults",
    "aws/ec2metadata",
    "aws/ec2rolecreds",
    "aws/endpointcreds",
    "aws/endpoints",
    "aws/external",
    "aws/signer/v4",
    "aws/stscreds",
    "internal/awsutil",
    "internal/ini",
    "internal/sdk",
    "private/protocol",
    "private/protocol/ec2query",
    "private/protocol/query",
    "private/protocol/query/queryutil",
    "private/protocol/rest",
    "private/protocol/xml/xmlutil",
    "service/ec2",
    "service/rds",
    "service/sts",
  ]
  pruneopts = "UT"
  revision = "d52522b5f4b95591ff6528d7c54923951aadf099"
  version = "v2.0.0-preview.5"

[[projects]]
  digest = "1:e22af8c7518e1eab6f2eab2b7d7558927f816262586cd6ed9f349c97a6c285c4"
  name = "github.com/jmespath/go-jmespath"
  packages = ["."]
  pruneopts = "UT"
  revision = "0b12d6b5"

[solve-meta]
  analyzer-name = "dep"
  analyzer-version = 1
  input-imports = [
    "github.com/aws/aws-sdk-go-v2/aws",
    "github.com/aws/aws-sdk-go-v2/aws/external",
    "github.com/aws/aws-sdk-go-v2/service/ec2",
    "github.com/aws/aws-sdk-go-v2/service/rds",
  ]
  solver-name = "gps-cdcl"
  solver-version = 1
